
Microsoft Visual Studio Solution File, Format Version 12.00
# Visual Studio Version 17
VisualStudioVersion = 17.3.32825.248
MinimumVisualStudioVersion = 10.0.40219.1
Project("{8BC9CEB8-8B4A-11D0-8D11-00A0C91BC942}") = "D2D1Test", "D2D1Test\D2D1Test.vcxproj", "{965D69BD-4EA9-46D8-A2A7-37C54A7E3953}"
EndProject
Global
	GlobalSection(SolutionConfigurationPlatforms) = preSolution
		Debug|x64 = Debug|x64
		Debug|x86 = Debug|x86
		Release|x64 = Release|x64
		Release|x86 = Release|x86
	EndGlobalSection
	GlobalSection(ProjectConfigurationPlatforms) = postSolution
		{965D69BD-4EA9-46D8-A2A7-37C54A7E3953}.Debug|x64.ActiveCfg = Debug|x64
		{965D69BD-4EA9-46D8-A2A7-37C54A7E3953}.Debug|x64.Build.0 = Debug|x64
		{965D69BD-4EA9-46D8-A2A7-37C54A7E3953}.Debug|x86.ActiveCfg = Debug|Win32
		{965D69BD-4EA9-46D8-A2A7-37C54A7E3953}.Debug|x86.Build.0 = Debug|Win32
		{965D69BD-4EA9-46D8-A2A7-37C54A7E3953}.Release|x64.ActiveCfg = Release|x64
		{965D69BD-4EA9-46D8-A2A7-37C54A7E3953}.Release|x64.Build.0 = Release|x64
		{965D69BD-4EA9-46D8-A2A7-37C54A7E3953}.Release|x86.ActiveCfg = Release|Win32
		{965D69BD-4EA9-46D8-A2A7-37C54A7E3953}.Release|x86.Build.0 = Release|Win32
	EndGlobalSection
	GlobalSection(SolutionProperties) = preSolution
		HideSolutionNode = FALSE
	EndGlobalSection
	GlobalSection(ExtensibilityGlobals) = postSolution
		SolutionGuid = {01FFD40F-1649-4BF1-A64B-297DD82A9B92}
	EndGlobalSection
EndGlobal
